version = 1
revision = 3
requires-python = ">=3.11"

[[package]]
name = "altgraph"
version = "0.17.5"
source = { registry = "https://pypi.org/simple" }
sdist = { url = "https://files.pythonhosted.org/packages/7e/f8/97fdf103f38fed6792a1601dbc16cc8aac56e7459a9fff08c812d8ae177a/altgraph-0.17.5.tar.gz", hash = "sha256:c87b395dd12fabde9c99573a9749d67da8d29ef9de0125c7f536699b4a9bc9e7", size = 48428, upload-time = "2025-11-21T20:35:50.583Z" }
wheels = [
    { url = "https://files.pythonhosted.org/packages/a9/ba/000a1996d4308bc65120167c21241a3b205464a2e0b58deda26ae8ac21d1/altgraph-0.17.5-py2.py3-none-any.whl", hash = "sha256:f3a22400bce1b0c701683820ac4f3b159cd301acab067c51c653e06961600597", size = 21228, upload-time = "2025-11-21T20:35:49.444Z" },
]

[[package]]
name = "ansicon"
version = "1.89.0"
source = { registry = "https://pypi.org/simple" }
sdist = { url = "https://files.pythonhosted.org/packages/b6/e2/1c866404ddbd280efedff4a9f15abfe943cb83cde6e895022370f3a61f85/ansicon-1.89.0.tar.gz", hash = "sha256:e4d039def5768a47e4afec8e89e83ec3ae5a26bf00ad851f914d1240b444d2b1", size = 67312, upload-time = "2019-04-29T20:23:57.314Z" }
wheels = [
    { url = "https://files.pythonhosted.org/packages/75/f9/f1c10e223c7b56a38109a3f2eb4e7fe9a757ea3ed3a166754fb30f65e466/ansicon-1.89.0-py2.py3-none-any.whl", hash = "sha256:f1def52d17f65c2c9682cf8370c03f541f410c1752d6a14029f97318e4b9dfec", size = 63675, upload-time = "2019-04-29T20:23:53.83Z" },
]

[[package]]
name = "blessed"
version = "1.30.0"
source = { registry = "https://pypi.org/simple" }
dependencies = [
    { name = "jinxed", marker = "sys_platform == 'win32'" },
    { name = "wcwidth" },
]
sdist = { url = "https://files.pythonhosted.org/packages/dd/19/e926a0dbbf93c7aeb15d4dfff0d0e3de02653b3ba540b687307d0819c1ff/blessed-1.30.0.tar.gz", hash = "sha256:4d547019d7b40fc5420ea2ba2bc180fdccc31d6715298e2b49ffa7b020d44667", size = 13948932, upload-time = "2026-02-06T19:40:23.541Z" }
wheels = [
    { url = "https://files.pythonhosted.org/packages/64/b0/8d87c7c8015ce8d4b2c5ee7a82a1d955f10138322c4f0cb387d7d2c1b2e7/blessed-1.30.0-py3-none-any.whl", hash = "sha256:4061a9f10dd22798716c2548ba36385af6a29d856c897f367c6ccc927e0b3a5a", size = 98399, upload-time = "2026-02-06T19:40:20.815Z" },
]

[[package]]
name = "compresswitch"
version = "0.1.0"
source = { editable = "." }
dependencies = [
    { name = "nsz" },
    { name = "pygobject" },
]

[package.dev-dependencies]
dev = [
    { name = "pyinstaller" },
]

[package.metadata]
requires-dist = [
    { name = "nsz", specifier = ">=4.0" },
    { name = "pygobject", specifier = ">=3.42" },
]

[package.metadata.requires-dev]
dev = [{ name = "pyinstaller", specifier = ">=6.19.0" }]

[[package]]
name = "enlighten"
version = "1.14.1"
source = { registry = "https://pypi.org/simple" }
dependencies = [
    { name = "blessed" },
    { name = "prefixed" },
]
sdist = { url = "https://files.pythonhosted.org/packages/8d/87/50b1152a85e3dca202e9e28ba2594c03edce8b9e74187b3aef5b98e4b631/enlighten-1.14.1.tar.gz", hash = "sha256:85c35412a9a4f3886b3337d41f813441fab9a30d9f5b5f0c015bd078a4411473", size = 68562, upload-time = "2025-03-10T18:03:35.042Z" }
wheels = [
    { url = "https://files.pythonhosted.org/packages/73/1e/244bb2fc5713ad21ae9f9012067f6432c682593816c6a45372c24f5a7d61/enlighten-1.14.1-py2.py3-none-any.whl", hash = "sha256:5fbd0c959ca1644034c41bb0ace5db19c9852cf9d721b6103f5f130663c57be8", size = 42281, upload-time = "2025-03-10T18:03:33.478Z" },
]

[[package]]
name = "jinxed"
version = "1.3.0"
source = { registry = "https://pypi.org/simple" }
dependencies = [
    { name = "ansicon", marker = "sys_platform == 'win32'" },
]
sdist = { url = "https://files.pythonhosted.org/packages/20/d0/59b2b80e7a52d255f9e0ad040d2e826342d05580c4b1d7d7747cfb8db731/jinxed-1.3.0.tar.gz", hash = "sha256:1593124b18a41b7a3da3b078471442e51dbad3d77b4d4f2b0c26ab6f7d660dbf", size = 80981, upload-time = "2024-07-31T22:39:18.854Z" }
wheels = [
    { url = "https://files.pythonhosted.org/packages/27/e3/0e0014d6ab159d48189e92044ace13b1e1fe9aa3024ba9f4e8cf172aa7c2/jinxed-1.3.0-py2.py3-none-any.whl", hash = "sha256:b993189f39dc2d7504d802152671535b06d380b26d78070559551cbf92df4fc5", size = 33085, upload-time = "2024-07-31T22:39:17.426Z" },
]

[[package]]
name = "macholib"
version = "1.16.4"
source = { registry = "https://pypi.org/simple" }
dependencies = [
    { name = "altgraph" },
]
sdist = { url = "https://files.pythonhosted.org/packages/10/2f/97589876ea967487978071c9042518d28b958d87b17dceb7cdc1d881f963/macholib-1.16.4.tar.gz", hash = "sha256:f408c93ab2e995cd2c46e34fe328b130404be143469e41bc366c807448979362", size = 59427, upload-time = "2025-11-22T08:28:38.373Z" }
wheels = [
    { url = "https://files.pythonhosted.org/packages/c7/d1/a9f36f8ecdf0fb7c9b1e78c8d7af12b8c8754e74851ac7b94a8305540fc7/macholib-1.16.4-py2.py3-none-any.whl", hash = "sha256:da1a3fa8266e30f0ce7e97c6a54eefaae8edd1e5f86f3eb8b95457cae90265ea", size = 38117, upload-time = "2025-11-22T08:28:36.939Z" },
]

[[package]]
name = "nsz"
version = "4.6.1"
source = { registry = "https://pypi.org/simple" }
dependencies = [
    { name = "enlighten" },
    { name = "pycryptodome" },
    { name = "zstandard" },
]
sdist = { url = "https://files.pythonhosted.org/packages/5f/ec/83f85c0ba48227db5b2b9501dd75b8ea1ed9d44f72c6fa52e19d6b85a5ad/nsz-4.6.1.tar.gz", hash = "sha256:456e3b33ff1fa9455376768dad588046a4530c8c1c87416607e6ba7221e6ba3f", size = 1190995, upload-time = "2023-12-18T18:27:12.246Z" }
wheels = [
    { url = "https://files.pythonhosted.org/packages/ab/e7/d75bd01d5d402e03cda549cb3a441d3db96fae921a1d0a3b16462d4fa6f4/nsz-4.6.1-py3-none-any.whl", hash = "sha256:3b65c3ccc5620d713b7d862191f2f657f1b019ec6173e95ddf274c4e196a714d", size = 1216149, upload-time = "2023-12-18T18:27:09.518Z" },
]

[[package]]
name = "packaging"
version = "26.0"
source = { registry = "https://pypi.org/simple" }
sdist = { url = "https://files.pythonhosted.org/packages/65/ee/299d360cdc32edc7d2cf530f3accf79c4fca01e96ffc950d8a52213bd8e4/packaging-26.0.tar.gz", hash = "sha256:00243ae351a257117b6a241061796684b084ed1c516a08c48a3f7e147a9d80b4", size = 143416, upload-time = "2026-01-21T20:50:39.064Z" }
wheels = [
    { url = "https://files.pythonhosted.org/packages/b7/b9/c538f279a4e237a006a2c98387d081e9eb060d203d8ed34467cc0f0b9b53/packaging-26.0-py3-none-any.whl", hash = "sha256:b36f1fef9334a5588b4166f8bcd26a14e521f2b55e6b9de3aaa80d3ff7a37529", size = 74366, upload-time = "2026-01-21T20:50:37.788Z" },
]

[[package]]
name = "pefile"
version = "2024.8.26"
source = { registry = "https://pypi.org/simple" }
sdist = { url = "https://files.pythonhosted.org/packages/03/4f/2750f7f6f025a1507cd3b7218691671eecfd0bbebebe8b39aa0fe1d360b8/pefile-2024.8.26.tar.gz", hash = "sha256:3ff6c5d8b43e8c37bb6e6dd5085658d658a7a0bdcd20b6a07b1fcfc1c4e9d632", size = 76008, upload-time = "2024-08-26T20:58:38.155Z" }
wheels = [
    { url = "https://files.pythonhosted.org/packages/54/16/12b82f791c7f50ddec566873d5bdd245baa1491bac11d15ffb98aecc8f8b/pefile-2024.8.26-py3-none-any.whl", hash = "sha256:76f8b485dcd3b1bb8166f1128d395fa3d87af26360c2358fb75b80019b957c6f", size = 74766, upload-time = "2024-08-26T21:01:02.632Z" },
]

[[package]]
name = "prefixed"
version = "0.9.0"
source = { registry = "https://pypi.org/simple" }
sdist = { url = "https://files.pythonhosted.org/packages/48/ae/296470eca349da35bdec573e54320afa2b5b099c582e5d97be8bccac247e/prefixed-0.9.0.tar.gz", hash = "sha256:164403fa9ebc83280bbc4705f4b243a28837e164310b4e65c38ccab1ebafeeb3", size = 99277, upload-time = "2024-09-02T18:56:25.248Z" }
wheels = [
    { url = "https://files.pythonhosted.org/packages/c3/61/d9957a0ed189ac8a89075c59c97588fb1c77e51d8d44a26f5cdf001d260c/prefixed-0.9.0-py2.py3-none-any.whl", hash = "sha256:3cdb74bfc4cf0aba28f3574662b13afdcac27c463dcbef320fe5d03f4c5fbca8", size = 13509, upload-time = "2024-09-02T18:56:23.47Z" },
]

[[package]]
name = "pycairo"
version = "1.29.0"
source = { registry = "https://pypi.org/simple" }
sdist = { url = "https://files.pythonhosted.org/packages/22/d9/1728840a22a4ef8a8f479b9156aa2943cd98c3907accd3849fb0d5f82bfd/pycairo-1.29.0.tar.gz", hash = "sha256:f3f7fde97325cae80224c09f12564ef58d0d0f655da0e3b040f5807bd5bd3142", size = 665871, upload-time = "2025-11-11T19:13:01.584Z" }
wheels = [
    { url = "https://files.pythonhosted.org/packages/31/92/1b904087e831806a449502786d47d3a468e5edb8f65755f6bd88e8038e53/pycairo-1.29.0-cp311-cp311-win32.whl", hash = "sha256:12757ebfb304b645861283c20585c9204c3430671fad925419cba04844d6dfed", size = 751342, upload-time = "2025-11-11T19:11:37.386Z" },
    { url = "https://files.pythonhosted.org/packages/db/09/a0ab6a246a7ede89e817d749a941df34f27a74bedf15551da51e86ae105e/pycairo-1.29.0-cp311-cp311-win_amd64.whl", hash = "sha256:3391532db03f9601c1cee9ebfa15b7d1db183c6020f3e75c1348cee16825934f", size = 845036, upload-time = "2025-11-11T19:11:43.408Z" },
    { url = "https://files.pythonhosted.org/packages/3c/b2/bf455454bac50baef553e7356d36b9d16e482403bf132cfb12960d2dc2e7/pycairo-1.29.0-cp311-cp311-win_arm64.whl", hash = "sha256:b69be8bb65c46b680771dc6a1a422b1cdd0cffb17be548f223e8cbbb6205567c", size = 694644, upload-time = "2025-11-11T19:11:48.599Z" },
    { url = "https://files.pythonhosted.org/packages/f6/28/6363087b9e60af031398a6ee5c248639eefc6cc742884fa2789411b1f73b/pycairo-1.29.0-cp312-cp312-win32.whl", hash = "sha256:91bcd7b5835764c616a615d9948a9afea29237b34d2ed013526807c3d79bb1d0", size = 751486, upload-time = "2025-11-11T19:11:54.451Z" },
    { url = "https://files.pythonhosted.org/packages/3a/d2/d146f1dd4ef81007686ac52231dd8f15ad54cf0aa432adaefc825475f286/pycairo-1.29.0-cp312-cp312-win_amd64.whl", hash = "sha256:3f01c3b5e49ef9411fff6bc7db1e765f542dc1c9cfed4542958a5afa3a8b8e76", size = 845383, upload-time = "2025-11-11T19:12:01.551Z" },
    { url = "https://files.pythonhosted.org/packages/01/16/6e6f33bb79ec4a527c9e633915c16dc55a60be26b31118dbd0d5859e8c51/pycairo-1.29.0-cp312-cp312-win_arm64.whl", hash = "sha256:eafe3d2076f3533535ad4a361fa0754e0ee66b90e548a3a0f558fed00b1248f2", size = 694518, upload-time = "2025-11-11T19:12:06.561Z" },
    { url = "https://files.pythonhosted.org/packages/f0/21/3f477dc318dd4e84a5ae6301e67284199d7e5a2384f3063714041086b65d/pycairo-1.29.0-cp313-cp313-win32.whl", hash = "sha256:3eb382a4141591807073274522f7aecab9e8fa2f14feafd11ac03a13a58141d7", size = 750949, upload-time = "2025-11-11T19:12:12.198Z" },
    { url = "https://files.pythonhosted.org/packages/43/34/7d27a333c558d6ac16dbc12a35061d389735e99e494ee4effa4ec6d99bed/pycairo-1.29.0-cp313-cp313-win_amd64.whl", hash = "sha256:91114e4b3fbf4287c2b0788f83e1f566ce031bda49cf1c3c3c19c3e986e95c38", size = 844149, upload-time = "2025-11-11T19:12:19.171Z" },
    { url = "https://files.pythonhosted.org/packages/15/43/e782131e23df69e5c8e631a016ed84f94bbc4981bf6411079f57af730a23/pycairo-1.29.0-cp313-cp313-win_arm64.whl", hash = "sha256:09b7f69a5ff6881e151354ea092137b97b0b1f0b2ab4eb81c92a02cc4a08e335", size = 693595, upload-time = "2025-11-11T19:12:23.445Z" },
    { url = "https://files.pythonhosted.org/packages/2d/fa/87eaeeb9d53344c769839d7b2854db7ff2cd596211e00dd1b702eeb1838f/pycairo-1.29.0-cp314-cp314-win32.whl", hash = "sha256:69e2a7968a3fbb839736257bae153f547bca787113cc8d21e9e08ca4526e0b6b", size = 767198, upload-time = "2025-11-11T19:12:42.336Z" },
    { url = "https://files.pythonhosted.org/packages/3c/90/3564d0f64d0a00926ab863dc3c4a129b1065133128e96900772e1c4421f8/pycairo-1.29.0-cp314-cp314-win_amd64.whl", hash = "sha256:e91243437a21cc4c67c401eff4433eadc45745275fa3ade1a0d877e50ffb90da", size = 871579, upload-time = "2025-11-11T19:12:48.982Z" },
    { url = "https://files.pythonhosted.org/packages/5e/91/93632b6ba12ad69c61991e3208bde88486fdfc152be8cfdd13444e9bc650/pycairo-1.29.0-cp314-cp314-win_arm64.whl", hash = "sha256:b72200ea0e5f73ae4c788cd2028a750062221385eb0e6d8f1ecc714d0b4fdf82", size = 719537, upload-time = "2025-11-11T19:12:55.016Z" },
    { url = "https://files.pythonhosted.org/packages/93/23/37053c039f8d3b9b5017af9bc64d27b680c48a898d48b72e6d6583cf0155/pycairo-1.29.0-cp314-cp314t-win_amd64.whl", hash = "sha256:5e45fce6185f553e79e4ef1722b8e98e6cde9900dbc48cb2637a9ccba86f627a", size = 874015, upload-time = "2025-11-11T19:12:28.47Z" },
    { url = "https://files.pythonhosted.org/packages/d7/54/123f6239685f5f3f2edc123f1e38d2eefacebee18cf3c532d2f4bd51d0ef/pycairo-1.29.0-cp314-cp314t-win_arm64.whl", hash = "sha256:caba0837a4b40d47c8dfb0f24cccc12c7831e3dd450837f2a356c75f21ce5a15", size = 721404, upload-time = "2025-11-11T19:12:36.919Z" },
]

[[package]]
name = "pycryptodome"
version = "3.23.0"
source = { registry = "https://pypi.org/simple" }
sdist = { url = "https://files.pythonhosted.org/packages/8e/a6/8452177684d5e906854776276ddd34eca30d1b1e15aa1ee9cefc289a33f5/pycryptodome-3.23.0.tar.gz", hash = "sha256:447700a657182d60338bab09fdb27518f8856aecd80ae4c6bdddb67ff5da44ef", size = 4921276, upload-time = "2025-05-17T17:21:45.242Z" }
wheels = [
    { url = "https://files.pythonhosted.org/packages/04/5d/bdb09489b63cd34a976cc9e2a8d938114f7a53a74d3dd4f125ffa49dce82/pycryptodome-3.23.0-cp313-cp313t-macosx_10_13_universal2.whl", hash = "sha256:0011f7f00cdb74879142011f95133274741778abba114ceca229adbf8e62c3e4", size = 2495152, upload-time = "2025-05-17T17:20:20.833Z" },
    { url = "https://files.pythonhosted.org/packages/a7/ce/7840250ed4cc0039c433cd41715536f926d6e86ce84e904068eb3244b6a6/pycryptodome-3.23.0-cp313-cp313t-macosx_10_13_x86_64.whl", hash = "sha256:90460fc9e088ce095f9ee8356722d4f10f86e5be06e2354230a9880b9c549aae", size = 1639348, upload-time = "2025-05-17T17:20:23.171Z" },
    { url = "https://files.pythonhosted.org/packages/ee/f0/991da24c55c1f688d6a3b5a11940567353f74590734ee4a64294834ae472/pycryptodome-3.23.0-cp313-cp313t-manylinux_2_17_aarch64.manylinux2014_aarch64.whl", hash = "sha256:4764e64b269fc83b00f682c47443c2e6e85b18273712b98aa43bcb77f8570477", size = 2184033, upload-time = "2025-05-17T17:20:25.424Z" },
    { url = "https://files.pythonhosted.org/packages/54/16/0e11882deddf00f68b68dd4e8e442ddc30641f31afeb2bc25588124ac8de/pycryptodome-3.23.0-cp313-cp313t-manylinux_2_17_x86_64.manylinux2014_x86_64.whl", hash = "sha256:eb8f24adb74984aa0e5d07a2368ad95276cf38051fe2dc6605cbcf482e04f2a7", size = 2270142, upload-time = "2025-05-17T17:20:27.808Z" },
    { url = "https://files.pythonhosted.org/packages/d5/fc/4347fea23a3f95ffb931f383ff28b3f7b1fe868739182cb76718c0da86a1/pycryptodome-3.23.0-cp313-cp313t-manylinux_2_5_i686.manylinux1_i686.manylinux_2_17_i686.manylinux2014_i686.whl", hash = "sha256:d97618c9c6684a97ef7637ba43bdf6663a2e2e77efe0f863cce97a76af396446", size = 2309384, upload-time = "2025-05-17T17:20:30.765Z" },
    { url = "https://files.pythonhosted.org/packages/6e/d9/c5261780b69ce66d8cfab25d2797bd6e82ba0241804694cd48be41add5eb/pycryptodome-3.23.0-cp313-cp313t-musllinux_1_2_aarch64.whl", hash = "sha256:9a53a4fe5cb075075d515797d6ce2f56772ea7e6a1e5e4b96cf78a14bac3d265", size = 2183237, upload-time = "2025-05-17T17:20:33.736Z" },
    { url = "https://files.pythonhosted.org/packages/5a/6f/3af2ffedd5cfa08c631f89452c6648c4d779e7772dfc388c77c920ca6bbf/pycryptodome-3.23.0-cp313-cp313t-musllinux_1_2_i686.whl", hash = "sha256:763d1d74f56f031788e5d307029caef067febf890cd1f8bf61183ae142f1a77b", size = 2343898, upload-time = "2025-05-17T17:20:36.086Z" },
    { url = "https://files.pythonhosted.org/packages/9a/dc/9060d807039ee5de6e2f260f72f3d70ac213993a804f5e67e0a73a56dd2f/pycryptodome-3.23.0-cp313-cp313t-musllinux_1_2_x86_64.whl", hash = "sha256:954af0e2bd7cea83ce72243b14e4fb518b18f0c1649b576d114973e2073b273d", size = 2269197, upload-time = "2025-05-17T17:20:38.414Z" },
    { url = "https://files.pythonhosted.org/packages/f9/34/e6c8ca177cb29dcc4967fef73f5de445912f93bd0343c9c33c8e5bf8cde8/pycryptodome-3.23.0-cp313-cp313t-win32.whl", hash = "sha256:257bb3572c63ad8ba40b89f6fc9d63a2a628e9f9708d31ee26560925ebe0210a", size = 1768600, upload-time = "2025-05-17T17:20:40.688Z" },
    { url = "https://files.pythonhosted.org/packages/e4/1d/89756b8d7ff623ad0160f4539da571d1f594d21ee6d68be130a6eccb39a4/pycryptodome-3.23.0-cp313-cp313t-win_amd64.whl", hash = "sha256:6501790c5b62a29fcb227bd6b62012181d886a767ce9ed03b303d1f22eb5c625", size = 1799740, upload-time = "2025-05-17T17:20:42.413Z" },
    { url = "https://files.pythonhosted.org/packages/5d/61/35a64f0feaea9fd07f0d91209e7be91726eb48c0f1bfc6720647194071e4/pycryptodome-3.23.0-cp313-cp313t-win_arm64.whl", hash = "sha256:9a77627a330ab23ca43b48b130e202582e91cc69619947840ea4d2d1be21eb39", size = 1703685, upload-time = "2025-05-17T17:20:44.388Z" },
    { url = "https://files.pythonhosted.org/packages/db/6c/a1f71542c969912bb0e106f64f60a56cc1f0fabecf9396f45accbe63fa68/pycryptodome-3.23.0-cp37-abi3-macosx_10_9_universal2.whl", hash = "sha256:187058ab80b3281b1de11c2e6842a357a1f71b42cb1e15bce373f3d238135c27", size = 2495627, upload-time = "2025-05-17T17:20:47.139Z" },
    { url = "https://files.pythonhosted.org/packages/6e/4e/a066527e079fc5002390c8acdd3aca431e6ea0a50ffd7201551175b47323/pycryptodome-3.23.0-cp37-abi3-macosx_10_9_x86_64.whl", hash = "sha256:cfb5cd445280c5b0a4e6187a7ce8de5a07b5f3f897f235caa11f1f435f182843", size = 1640362, upload-time = "2025-05-17T17:20:50.392Z" },
    { url = "https://files.pythonhosted.org/packages/50/52/adaf4c8c100a8c49d2bd058e5b551f73dfd8cb89eb4911e25a0c469b6b4e/pycryptodome-3.23.0-cp37-abi3-manylinux_2_17_aarch64.manylinux2014_aarch64.whl", hash = "sha256:67bd81fcbe34f43ad9422ee8fd4843c8e7198dd88dd3d40e6de42ee65fbe1490", size = 2182625, upload-time = "2025-05-17T17:20:52.866Z" },
    { url = "https://files.pythonhosted.org/packages/5f/e9/a09476d436d0ff1402ac3867d933c61805ec2326c6ea557aeeac3825604e/pycryptodome-3.23.0-cp37-abi3-manylinux_2_17_x86_64.manylinux2014_x86_64.whl", hash = "sha256:c8987bd3307a39bc03df5c8e0e3d8be0c4c3518b7f044b0f4c15d1aa78f52575", size = 2268954, upload-time = "2025-05-17T17:20:55.027Z" },
    { url = "https://files.pythonhosted.org/packages/f9/c5/ffe6474e0c551d54cab931918127c46d70cab8f114e0c2b5a3c071c2f484/pycryptodome-3.23.0-cp37-abi3-manylinux_2_5_i686.manylinux1_i686.manylinux_2_17_i686.manylinux2014_i686.whl", hash = "sha256:aa0698f65e5b570426fc31b8162ed4603b0c2841cbb9088e2b01641e3065915b", size = 2308534, upload-time = "2025-05-17T17:20:57.279Z" },
    { url = "https://files.pythonhosted.org/packages/18/28/e199677fc15ecf43010f2463fde4c1a53015d1fe95fb03bca2890836603a/pycryptodome-3.23.0-cp37-abi3-musllinux_1_2_aarch64.whl", hash = "sha256:53ecbafc2b55353edcebd64bf5da94a2a2cdf5090a6915bcca6eca6cc452585a", size = 2181853, upload-time = "2025-05-17T17:20:59.322Z" },
    { url = "https://files.pythonhosted.org/packages/ce/ea/4fdb09f2165ce1365c9eaefef36625583371ee514db58dc9b65d3a255c4c/pycryptodome-3.23.0-cp37-abi3-musllinux_1_2_i686.whl", hash = "sha256:156df9667ad9f2ad26255926524e1c136d6664b741547deb0a86a9acf5ea631f", size = 2342465, upload-time = "2025-05-17T17:21:03.83Z" },
    { url = "https://files.pythonhosted.org/packages/22/82/6edc3fc42fe9284aead511394bac167693fb2b0e0395b28b8bedaa07ef04/pycryptodome-3.23.0-cp37-abi3-musllinux_1_2_x86_64.whl", hash = "sha256:dea827b4d55ee390dc89b2afe5927d4308a8b538ae91d9c6f7a5090f397af1aa", size = 2267414, upload-time = "2025-05-17T17:21:06.72Z" },
    { url = "https://files.pythonhosted.org/packages/59/fe/aae679b64363eb78326c7fdc9d06ec3de18bac68be4b612fc1fe8902693c/pycryptodome-3.23.0-cp37-abi3-win32.whl", hash = "sha256:507dbead45474b62b2bbe318eb1c4c8ee641077532067fec9c1aa82c31f84886", size = 1768484, upload-time = "2025-05-17T17:21:08.535Z" },
    { url = "https://files.pythonhosted.org/packages/54/2f/e97a1b8294db0daaa87012c24a7bb714147c7ade7656973fd6c736b484ff/pycryptodome-3.23.0-cp37-abi3-win_amd64.whl", hash = "sha256:c75b52aacc6c0c260f204cbdd834f76edc9fb0d8e0da9fbf8352ef58202564e2", size = 1799636, upload-time = "2025-05-17T17:21:10.393Z" },
    { url = "https://files.pythonhosted.org/packages/18/3d/f9441a0d798bf2b1e645adc3265e55706aead1255ccdad3856dbdcffec14/pycryptodome-3.23.0-cp37-abi3-win_arm64.whl", hash = "sha256:11eeeb6917903876f134b56ba11abe95c0b0fd5e3330def218083c7d98bbcb3c", size = 1703675, upload-time = "2025-05-17T17:21:13.146Z" },
]

[[package]]
name = "pygobject"
version = "3.54.5"
source = { registry = "https://pypi.org/simple" }
dependencies = [
    { name = "pycairo" },
]
sdist = { url = "https://files.pythonhosted.org/packages/d3/a5/68f883df1d8442e3b267cb92105a4b2f0de819bd64ac9981c2d680d3f49f/pygobject-3.54.5.tar.gz", hash = "sha256:b6656f6348f5245606cf15ea48c384c7f05156c75ead206c1b246c80a22fb585", size = 1274658, upload-time = "2025-10-18T13:45:03.121Z" }

[[package]]
name = "pyinstaller"
version = "6.19.0"
source = { registry = "https://pypi.org/simple" }
dependencies = [
    { name = "altgraph" },
    { name = "macholib", marker = "sys_platform == 'darwin'" },
    { name = "packaging" },
    { name = "pefile", marker = "sys_platform == 'win32'" },
    { name = "pyinstaller-hooks-contrib" },
    { name = "pywin32-ctypes", marker = "sys_platform == 'win32'" },
    { name = "setuptools" },
]
sdist = { url = "https://files.pythonhosted.org/packages/c8/63/fd62472b6371d89dc138d40c36d87a50dc2de18a035803bbdc376b4ffac4/pyinstaller-6.19.0.tar.gz", hash = "sha256:ec73aeb8bd9b7f2f1240d328a4542e90b3c6e6fbc106014778431c616592a865", size = 4036072, upload-time = "2026-02-14T18:06:28.718Z" }
wheels = [
    { url = "https://files.pythonhosted.org/packages/e3/eb/23374721fecfa72677e79800921cb6aceefa6ba48574dc404f3f6c6c3be7/pyinstaller-6.19.0-py3-none-macosx_10_13_universal2.whl", hash = "sha256:4190e76b74f0c4b5c5f11ac360928cd2e36ec8e3194d437bf6b8648c7bc0c134", size = 1040563, upload-time = "2026-02-14T18:05:22.436Z" },
    { url = "https://files.pythonhosted.org/packages/cd/7e/dfd724b0b533f5aaec0ee5df406fe2319987ed6964480a706f85478b12ea/pyinstaller-6.19.0-py3-none-manylinux2014_aarch64.whl", hash = "sha256:8bd68abd812d8a6ba33b9f1810e91fee0f325969733721b78151f0065319ca11", size = 735477, upload-time = "2026-02-14T18:05:27.143Z" },
    { url = "https://files.pythonhosted.org/packages/88/c9/ee3a4101c31f26344e66896c73c1fd6ed8282bf871473365b7f8674af406/pyinstaller-6.19.0-py3-none-manylinux2014_i686.whl", hash = "sha256:1ec54ef967996ca61dacba676227e2b23219878ccce5ee9d6f3aada7b8ed8abf", size = 747143, upload-time = "2026-02-14T18:05:31.488Z" },
    { url = "https://files.pythonhosted.org/packages/da/0a/fc77e9f861be8cf300ac37155f59cc92aff99b29f2ddd78546f563a5b5a6/pyinstaller-6.19.0-py3-none-manylinux2014_ppc64le.whl", hash = "sha256:4ab2bb52e58448e14ddf9450601bdedd66800465043501c1d8f1cab87b60b122", size = 744849, upload-time = "2026-02-14T18:05:35.492Z" },
    { url = "https://files.pythonhosted.org/packages/6d/e3/6872e020ee758afe0b821663858492c10745608b07150e5e2c824a5b3e1c/pyinstaller-6.19.0-py3-none-manylinux2014_s390x.whl", hash = "sha256:da6d5c6391ccefe73554b9fa29b86001c8e378e0f20c2a4004f836ba537eff63", size = 741590, upload-time = "2026-02-14T18:05:39.59Z" },
    { url = "https://files.pythonhosted.org/packages/53/60/b8db5f1a4b0fb228175f2ea0aa33f949adcc097fbe981cc524f9faf85777/pyinstaller-6.19.0-py3-none-manylinux2014_x86_64.whl", hash = "sha256:a0fc5f6b3c55aa54353f0c74ffa59b1115433c1850c6f655d62b461a2ed6cbbe", size = 741448, upload-time = "2026-02-14T18:05:45.636Z" },
    { url = "https://files.pythonhosted.org/packages/6f/4d/63b0600f2694e9141b83129fbc1c488ec84d5a0770b1448ec154dcd0fee9/pyinstaller-6.19.0-py3-none-musllinux_1_1_aarch64.whl", hash = "sha256:e649ba6bd1b0b89b210ad92adb5fbdc8a42dd2c5ca4f72ef3a0bfec83a424b83", size = 740613, upload-time = "2026-02-14T18:05:49.726Z" },
    { url = "https://files.pythonhosted.org/packages/01/d4/e812ad36178093a0e9fd4b8127577748dd85b0cb71de912229dca21fd741/pyinstaller-6.19.0-py3-none-musllinux_1_1_x86_64.whl", hash = "sha256:481a909c8e60c8692fc60fcb1344d984b44b943f8bc9682f2fcdae305ad297e6", size = 740350, upload-time = "2026-02-14T18:05:54.093Z" },
    { url = "https://files.pythonhosted.org/packages/52/03/b2c2ee41fb8e10fd2a45d21f5ec2ef25852cfb978dbf762972eed59e3d63/pyinstaller-6.19.0-py3-none-win32.whl", hash = "sha256:3c5c251054fe4cfaa04c34a363dcfbf811545438cb7198304cd444756bc2edd2", size = 1324317, upload-time = "2026-02-14T18:06:00.085Z" },
    { url = "https://files.pythonhosted.org/packages/9c/d3/6d5e62b8270e2b53a6065e281b3a7785079b00e9019c8019952828dd1669/pyinstaller-6.19.0-py3-none-win_amd64.whl", hash = "sha256:b5bb6536c6560330d364d91522250f254b107cf69129d9cbcd0e6727c570be33", size = 1384894, upload-time = "2026-02-14T18:06:06.425Z" },
    { url = "https://files.pythonhosted.org/packages/81/65/458cd523308a101a22fd2742893405030cc24994cc74b1b767cecf137160/pyinstaller-6.19.0-py3-none-win_arm64.whl", hash = "sha256:c2d5a539b0bfe6159d5522c8c70e1c0e487f22c2badae0f97d45246223b798ea", size = 1325374, upload-time = "2026-02-14T18:06:12.804Z" },
]

[[package]]
name = "pyinstaller-hooks-contrib"
version = "2026.1"
source = { registry = "https://pypi.org/simple" }
dependencies = [
    { name = "packaging" },
    { name = "setuptools" },
]
sdist = { url = "https://files.pythonhosted.org/packages/95/eb/e1dd9a5348e4cf348471c0e5fd617d948779bc3199cf4edb134d8fceca91/pyinstaller_hooks_contrib-2026.1.tar.gz", hash = "sha256:a5f0891a1e81e92406ab917d9e76adfd7a2b68415ee2e35c950a7b3910bc361b", size = 171504, upload-time = "2026-02-18T13:01:15.711Z" }
wheels = [
    { url = "https://files.pythonhosted.org/packages/7f/69/12bafee3cc485d977f596e0d803d7c6fb147430fc35dfe505730aa3a28dd/pyinstaller_hooks_contrib-2026.1-py3-none-any.whl", hash = "sha256:66ad4888ba67de6f3cfd7ef554f9dd1a4389e2eb19f84d7129a5a6818e3f2180", size = 452841, upload-time = "2026-02-18T13:01:14.471Z" },
]

[[package]]
name = "pywin32-ctypes"
version = "0.2.3"
source = { registry = "https://pypi.org/simple" }
sdist = { url = "https://files.pythonhosted.org/packages/85/9f/01a1a99704853cb63f253eea009390c88e7131c67e66a0a02099a8c917cb/pywin32-ctypes-0.2.3.tar.gz", hash = "sha256:d162dc04946d704503b2edc4d55f3dba5c1d539ead017afa00142c38b9885755", size = 29471, upload-time = "2024-08-14T10:15:34.626Z" }
wheels = [
    { url = "https://files.pythonhosted.org/packages/de/3d/8161f7711c017e01ac9f008dfddd9410dff3674334c233bde66e7ba65bbf/pywin32_ctypes-0.2.3-py3-none-any.whl", hash = "sha256:8a1513379d709975552d202d942d9837758905c8d01eb82b8bcc30918929e7b8", size = 30756, upload-time = "2024-08-14T10:15:33.187Z" },
]

[[package]]
name = "setuptools"
version = "82.0.0"
source = { registry = "https://pypi.org/simple" }
sdist = { url = "https://files.pythonhosted.org/packages/82/f3/748f4d6f65d1756b9ae577f329c951cda23fb900e4de9f70900ced962085/setuptools-82.0.0.tar.gz", hash = "sha256:22e0a2d69474c6ae4feb01951cb69d515ed23728cf96d05513d36e42b62b37cb", size = 1144893, upload-time = "2026-02-08T15:08:40.206Z" }
wheels = [
    { url = "https://files.pythonhosted.org/packages/e1/c6/76dc613121b793286a3f91621d7b75a2b493e0390ddca50f11993eadf192/setuptools-82.0.0-py3-none-any.whl", hash = "sha256:70b18734b607bd1da571d097d236cfcfacaf01de45717d59e6e04b96877532e0", size = 1003468, upload-time = "2026-02-08T15:08:38.723Z" },
]

[[package]]
name = "wcwidth"
version = "0.6.0"
source = { registry = "https://pypi.org/simple" }
sdist = { url = "https://files.pythonhosted.org/packages/35/a2/8e3becb46433538a38726c948d3399905a4c7cabd0df578ede5dc51f0ec2/wcwidth-0.6.0.tar.gz", hash = "sha256:cdc4e4262d6ef9a1a57e018384cbeb1208d8abbc64176027e2c2455c81313159", size = 159684, upload-time = "2026-02-06T19:19:40.919Z" }
wheels = [
    { url = "https://files.pythonhosted.org/packages/68/5a/199c59e0a824a3db2b89c5d2dade7ab5f9624dbf6448dc291b46d5ec94d3/wcwidth-0.6.0-py3-none-any.whl", hash = "sha256:1a3a1e510b553315f8e146c54764f4fb6264ffad731b3d78088cdb1478ffbdad", size = 94189, upload-time = "2026-02-06T19:19:39.646Z" },
]

[[package]]
name = "zstandard"
version = "0.25.0"
source = { registry = "https://pypi.org/simple" }
sdist = { url = "https://files.pythonhosted.org/packages/fd/aa/3e0508d5a5dd96529cdc5a97011299056e14c6505b678fd58938792794b1/zstandard-0.25.0.tar.gz", hash = "sha256:7713e1179d162cf5c7906da876ec2ccb9c3a9dcbdffef0cc7f70c3667a205f0b", size = 711513, upload-time = "2025-09-14T22:15:54.002Z" }
wheels = [
    { url = "https://files.pythonhosted.org/packages/2a/83/c3ca27c363d104980f1c9cee1101cc8ba724ac8c28a033ede6aab89585b1/zstandard-0.25.0-cp311-cp311-macosx_10_9_x86_64.whl", hash = "sha256:933b65d7680ea337180733cf9e87293cc5500cc0eb3fc8769f4d3c88d724ec5c", size = 795254, upload-time = "2025-09-14T22:16:26.137Z" },
    { url = "https://files.pythonhosted.org/packages/ac/4d/e66465c5411a7cf4866aeadc7d108081d8ceba9bc7abe6b14aa21c671ec3/zstandard-0.25.0-cp311-cp311-macosx_11_0_arm64.whl", hash = "sha256:a3f79487c687b1fc69f19e487cd949bf3aae653d181dfb5fde3bf6d18894706f", size = 640559, upload-time = "2025-09-14T22:16:27.973Z" },
    { url = "https://files.pythonhosted.org/packages/12/56/354fe655905f290d3b147b33fe946b0f27e791e4b50a5f004c802cb3eb7b/zstandard-0.25.0-cp311-cp311-manylinux2010_i686.manylinux2014_i686.manylinux_2_12_i686.manylinux_2_17_i686.whl", hash = "sha256:0bbc9a0c65ce0eea3c34a691e3c4b6889f5f3909ba4822ab385fab9057099431", size = 5348020, upload-time = "2025-09-14T22:16:29.523Z" },
    { url = "https://files.pythonhosted.org/packages/3b/13/2b7ed68bd85e69a2069bcc72141d378f22cae5a0f3b353a2c8f50ef30c1b/zstandard-0.25.0-cp311-cp311-manylinux2014_aarch64.manylinux_2_17_aarch64.whl", hash = "sha256:01582723b3ccd6939ab7b3a78622c573799d5d8737b534b86d0e06ac18dbde4a", size = 5058126, upload-time = "2025-09-14T22:16:31.811Z" },
    { url = "https://files.pythonhosted.org/packages/c9/dd/fdaf0674f4b10d92cb120ccff58bbb6626bf8368f00ebfd2a41ba4a0dc99/zstandard-0.25.0-cp311-cp311-manylinux2014_ppc64le.manylinux_2_17_ppc64le.whl", hash = "sha256:5f1ad7bf88535edcf30038f6919abe087f606f62c00a87d7e33e7fc57cb69fcc", size = 5405390, upload-time = "2025-09-14T22:16:33.486Z" },
    { url = "https://files.pythonhosted.org/packages/0f/67/354d1555575bc2490435f90d67ca4dd65238ff2f119f30f72d5cde09c2ad/zstandard-0.25.0-cp311-cp311-manylinux2014_s390x.manylinux_2_17_s390x.whl", hash = "sha256:06acb75eebeedb77b69048031282737717a63e71e4ae3f77cc0c3b9508320df6", size = 5452914, upload-time = "2025-09-14T22:16:35.277Z" },
    { url = "https://files.pythonhosted.org/packages/bb/1f/e9cfd801a3f9190bf3e759c422bbfd2247db9d7f3d54a56ecde70137791a/zstandard-0.25.0-cp311-cp311-manylinux2014_x86_64.manylinux_2_17_x86_64.whl", hash = "sha256:9300d02ea7c6506f00e627e287e0492a5eb0371ec1670ae852fefffa6164b072", size = 5559635, upload-time = "2025-09-14T22:16:37.141Z" },
    { url = "https://files.pythonhosted.org/packages/21/88/5ba550f797ca953a52d708c8e4f380959e7e3280af029e38fbf47b55916e/zstandard-0.25.0-cp311-cp311-musllinux_1_1_aarch64.whl", hash = "sha256:bfd06b1c5584b657a2892a6014c2f4c20e0db0208c159148fa78c65f7e0b0277", size = 5048277, upload-time = "2025-09-14T22:16:38.807Z" },
    { url = "https://files.pythonhosted.org/packages/46/c0/ca3e533b4fa03112facbe7fbe7779cb1ebec215688e5df576fe5429172e0/zstandard-0.25.0-cp311-cp311-musllinux_1_1_x86_64.whl", hash = "sha256:f373da2c1757bb7f1acaf09369cdc1d51d84131e50d5fa9863982fd626466313", size = 5574377, upload-time = "2025-09-14T22:16:40.523Z" },
    { url = "https://files.pythonhosted.org/packages/12/9b/3fb626390113f272abd0799fd677ea33d5fc3ec185e62e6be534493c4b60/zstandard-0.25.0-cp311-cp311-musllinux_1_2_aarch64.whl", hash = "sha256:6c0e5a65158a7946e7a7affa6418878ef97ab66636f13353b8502d7ea03c8097", size = 4961493, upload-time = "2025-09-14T22:16:43.3Z" },
    { url = "https://files.pythonhosted.org/packages/cb/d3/23094a6b6a4b1343b27ae68249daa17ae0651fcfec9ed4de09d14b940285/zstandard-0.25.0-cp311-cp311-musllinux_1_2_i686.whl", hash = "sha256:c8e167d5adf59476fa3e37bee730890e389410c354771a62e3c076c86f9f7778", size = 5269018, upload-time = "2025-09-14T22:16:45.292Z" },
    { url = "https://files.pythonhosted.org/packages/8c/a7/bb5a0c1c0f3f4b5e9d5b55198e39de91e04ba7c205cc46fcb0f95f0383c1/zstandard-0.25.0-cp311-cp311-musllinux_1_2_ppc64le.whl", hash = "sha256:98750a309eb2f020da61e727de7d7ba3c57c97cf6213f6f6277bb7fb42a8e065", size = 5443672, upload-time = "2025-09-14T22:16:47.076Z" },
    { url = "https://files.pythonhosted.org/packages/27/22/503347aa08d073993f25109c36c8d9f029c7d5949198050962cb568dfa5e/zstandard-0.25.0-cp311-cp311-musllinux_1_2_s390x.whl", hash = "sha256:22a086cff1b6ceca18a8dd6096ec631e430e93a8e70a9ca5efa7561a00f826fa", size = 5822753, upload-time = "2025-09-14T22:16:49.316Z" },
    { url = "https://files.pythonhosted.org/packages/e2/be/94267dc6ee64f0f8ba2b2ae7c7a2df934a816baaa7291db9e1aa77394c3c/zstandard-0.25.0-cp311-cp311-musllinux_1_2_x86_64.whl", hash = "sha256:72d35d7aa0bba323965da807a462b0966c91608ef3a48ba761678cb20ce5d8b7", size = 5366047, upload-time = "2025-09-14T22:16:51.328Z" },
    { url = "https://files.pythonhosted.org/packages/7b/a3/732893eab0a3a7aecff8b99052fecf9f605cf0fb5fb6d0290e36beee47a4/zstandard-0.25.0-cp311-cp311-win32.whl", hash = "sha256:f5aeea11ded7320a84dcdd62a3d95b5186834224a9e55b92ccae35d21a8b63d4", size = 436484, upload-time = "2025-09-14T22:16:55.005Z" },
    { url = "https://files.pythonhosted.org/packages/43/a3/c6155f5c1cce691cb80dfd38627046e50af3ee9ddc5d0b45b9b063bfb8c9/zstandard-0.25.0-cp311-cp311-win_amd64.whl", hash = "sha256:daab68faadb847063d0c56f361a289c4f268706b598afbf9ad113cbe5c38b6b2", size = 506183, upload-time = "2025-09-14T22:16:52.753Z" },
    { url = "https://files.pythonhosted.org/packages/8c/3e/8945ab86a0820cc0e0cdbf38086a92868a9172020fdab8a03ac19662b0e5/zstandard-0.25.0-cp311-cp311-win_arm64.whl", hash = "sha256:22a06c5df3751bb7dc67406f5374734ccee8ed37fc5981bf1ad7041831fa1137", size = 462533, upload-time = "2025-09-14T22:16:53.878Z" },
    { url = "https://files.pythonhosted.org/packages/82/fc/f26eb6ef91ae723a03e16eddb198abcfce2bc5a42e224d44cc8b6765e57e/zstandard-0.25.0-cp312-cp312-macosx_10_13_x86_64.whl", hash = "sha256:7b3c3a3ab9daa3eed242d6ecceead93aebbb8f5f84318d82cee643e019c4b73b", size = 795738, upload-time = "2025-09-14T22:16:56.237Z" },
    { url = "https://files.pythonhosted.org/packages/aa/1c/d920d64b22f8dd028a8b90e2d756e431a5d86194caa78e3819c7bf53b4b3/zstandard-0.25.0-cp312-cp312-macosx_11_0_arm64.whl", hash = "sha256:913cbd31a400febff93b564a23e17c3ed2d56c064006f54efec210d586171c00", size = 640436, upload-time = "2025-09-14T22:16:57.774Z" },
    { url = "https://files.pythonhosted.org/packages/53/6c/288c3f0bd9fcfe9ca41e2c2fbfd17b2097f6af57b62a81161941f09afa76/zstandard-0.25.0-cp312-cp312-manylinux2010_i686.manylinux2014_i686.manylinux_2_12_i686.manylinux_2_17_i686.whl", hash = "sha256:011d388c76b11a0c165374ce660ce2c8efa8e5d87f34996aa80f9c0816698b64", size = 5343019, upload-time = "2025-09-14T22:16:59.302Z" },
    { url = "https://files.pythonhosted.org/packages/1e/15/efef5a2f204a64bdb5571e6161d49f7ef0fffdbca953a615efbec045f60f/zstandard-0.25.0-cp312-cp312-manylinux2014_aarch64.manylinux_2_17_aarch64.whl", hash = "sha256:6dffecc361d079bb48d7caef5d673c88c8988d3d33fb74ab95b7ee6da42652ea", size = 5063012, upload-time = "2025-09-14T22:17:01.156Z" },
    { url = "https://files.pythonhosted.org/packages/b7/37/a6ce629ffdb43959e92e87ebdaeebb5ac81c944b6a75c9c47e300f85abdf/zstandard-0.25.0-cp312-cp312-manylinux2014_ppc64le.manylinux_2_17_ppc64le.whl", hash = "sha256:7149623bba7fdf7e7f24312953bcf73cae103db8cae49f8154dd1eadc8a29ecb", size = 5394148, upload-time = "2025-09-14T22:17:03.091Z" },
    { url = "https://files.pythonhosted.org/packages/e3/79/2bf870b3abeb5c070fe2d670a5a8d1057a8270f125ef7676d29ea900f496/zstandard-0.25.0-cp312-cp312-manylinux2014_s390x.manylinux_2_17_s390x.whl", hash = "sha256:6a573a35693e03cf1d67799fd01b50ff578515a8aeadd4595d2a7fa9f3ec002a", size = 5451652, upload-time = "2025-09-14T22:17:04.979Z" },
    { url = "https://files.pythonhosted.org/packages/53/60/7be26e610767316c028a2cbedb9a3beabdbe33e2182c373f71a1c0b88f36/zstandard-0.25.0-cp312-cp312-manylinux2014_x86_64.manylinux_2_17_x86_64.whl", hash = "sha256:5a56ba0db2d244117ed744dfa8f6f5b366e14148e00de44723413b2f3938a902", size = 5546993, upload-time = "2025-09-14T22:17:06.781Z" },
    { url = "https://files.pythonhosted.org/packages/85/c7/3483ad9ff0662623f3648479b0380d2de5510abf00990468c286c6b04017/zstandard-0.25.0-cp312-cp312-musllinux_1_1_aarch64.whl", hash = "sha256:10ef2a79ab8e2974e2075fb984e5b9806c64134810fac21576f0668e7ea19f8f", size = 5046806, upload-time = "2025-09-14T22:17:08.415Z" },
    { url = "https://files.pythonhosted.org/packages/08/b3/206883dd25b8d1591a1caa44b54c2aad84badccf2f1de9e2d60a446f9a25/zstandard-0.25.0-cp312-cp312-musllinux_1_1_x86_64.whl", hash = "sha256:aaf21ba8fb76d102b696781bddaa0954b782536446083ae3fdaa6f16b25a1c4b", size = 5576659, upload-time = "2025-09-14T22:17:10.164Z" },
    { url = "https://files.pythonhosted.org/packages/9d/31/76c0779101453e6c117b0ff22565865c54f48f8bd807df2b00c2c404b8e0/zstandard-0.25.0-cp312-cp312-musllinux_1_2_aarch64.whl", hash = "sha256:1869da9571d5e94a85a5e8d57e4e8807b175c9e4a6294e3b66fa4efb074d90f6", size = 4953933, upload-time = "2025-09-14T22:17:11.857Z" },
    { url = "https://files.pythonhosted.org/packages/18/e1/97680c664a1bf9a247a280a053d98e251424af51f1b196c6d52f117c9720/zstandard-0.25.0-cp312-cp312-musllinux_1_2_i686.whl", hash = "sha256:809c5bcb2c67cd0ed81e9229d227d4ca28f82d0f778fc5fea624a9def3963f91", size = 5268008, upload-time = "2025-09-14T22:17:13.627Z" },
    { url = "https://files.pythonhosted.org/packages/1e/73/316e4010de585ac798e154e88fd81bb16afc5c5cb1a72eeb16dd37e8024a/zstandard-0.25.0-cp312-cp312-musllinux_1_2_ppc64le.whl", hash = "sha256:f27662e4f7dbf9f9c12391cb37b4c4c3cb90ffbd3b1fb9284dadbbb8935fa708", size = 5433517, upload-time = "2025-09-14T22:17:16.103Z" },
    { url = "https://files.pythonhosted.org/packages/5b/60/dd0f8cfa8129c5a0ce3ea6b7f70be5b33d2618013a161e1ff26c2b39787c/zstandard-0.25.0-cp312-cp312-musllinux_1_2_s390x.whl", hash = "sha256:99c0c846e6e61718715a3c9437ccc625de26593fea60189567f0118dc9db7512", size = 5814292, upload-time = "2025-09-14T22:17:17.827Z" },
    { url = "https://files.pythonhosted.org/packages/fc/5f/75aafd4b9d11b5407b641b8e41a57864097663699f23e9ad4dbb91dc6bfe/zstandard-0.25.0-cp312-cp312-musllinux_1_2_x86_64.whl", hash = "sha256:474d2596a2dbc241a556e965fb76002c1ce655445e4e3bf38e5477d413165ffa", size = 5360237, upload-time = "2025-09-14T22:17:19.954Z" },
    { url = "https://files.pythonhosted.org/packages/ff/8d/0309daffea4fcac7981021dbf21cdb2e3427a9e76bafbcdbdf5392ff99a4/zstandard-0.25.0-cp312-cp312-win32.whl", hash = "sha256:23ebc8f17a03133b4426bcc04aabd68f8236eb78c3760f12783385171b0fd8bd", size = 436922, upload-time = "2025-09-14T22:17:24.398Z" },
    { url = "https://files.pythonhosted.org/packages/79/3b/fa54d9015f945330510cb5d0b0501e8253c127cca7ebe8ba46a965df18c5/zstandard-0.25.0-cp312-cp312-win_amd64.whl", hash = "sha256:ffef5a74088f1e09947aecf91011136665152e0b4b359c42be3373897fb39b01", size = 506276, upload-time = "2025-09-14T22:17:21.429Z" },
    { url = "https://files.pythonhosted.org/packages/ea/6b/8b51697e5319b1f9ac71087b0af9a40d8a6288ff8025c36486e0c12abcc4/zstandard-0.25.0-cp312-cp312-win_arm64.whl", hash = "sha256:181eb40e0b6a29b3cd2849f825e0fa34397f649170673d385f3598ae17cca2e9", size = 462679, upload-time = "2025-09-14T22:17:23.147Z" },
    { url = "https://files.pythonhosted.org/packages/35/0b/8df9c4ad06af91d39e94fa96cc010a24ac4ef1378d3efab9223cc8593d40/zstandard-0.25.0-cp313-cp313-macosx_10_13_x86_64.whl", hash = "sha256:ec996f12524f88e151c339688c3897194821d7f03081ab35d31d1e12ec975e94", size = 795735, upload-time = "2025-09-14T22:17:26.042Z" },
    { url = "https://files.pythonhosted.org/packages/3f/06/9ae96a3e5dcfd119377ba33d4c42a7d89da1efabd5cb3e366b156c45ff4d/zstandard-0.25.0-cp313-cp313-macosx_11_0_arm64.whl", hash = "sha256:a1a4ae2dec3993a32247995bdfe367fc3266da832d82f8438c8570f989753de1", size = 640440, upload-time = "2025-09-14T22:17:27.366Z" },
    { url = "https://files.pythonhosted.org/packages/d9/14/933d27204c2bd404229c69f445862454dcc101cd69ef8c6068f15aaec12c/zstandard-0.25.0-cp313-cp313-manylinux2010_i686.manylinux2014_i686.manylinux_2_12_i686.manylinux_2_17_i686.whl", hash = "sha256:e96594a5537722fdfb79951672a2a63aec5ebfb823e7560586f7484819f2a08f", size = 5343070, upload-time = "2025-09-14T22:17:28.896Z" },
    { url = "https://files.pythonhosted.org/packages/6d/db/ddb11011826ed7db9d0e485d13df79b58586bfdec56e5c84a928a9a78c1c/zstandard-0.25.0-cp313-cp313-manylinux2014_aarch64.manylinux_2_17_aarch64.whl", hash = "sha256:bfc4e20784722098822e3eee42b8e576b379ed72cca4a7cb856ae733e62192ea", size = 5063001, upload-time = "2025-09-14T22:17:31.044Z" },
    { url = "https://files.pythonhosted.org/packages/db/00/87466ea3f99599d02a5238498b87bf84a6348290c19571051839ca943777/zstandard-0.25.0-cp313-cp313-manylinux2014_ppc64le.manylinux_2_17_ppc64le.whl", hash = "sha256:457ed498fc58cdc12fc48f7950e02740d4f7ae9493dd4ab2168a47c93c31298e", size = 5394120, upload-time = "2025-09-14T22:17:32.711Z" },
    { url = "https://files.pythonhosted.org/packages/2b/95/fc5531d9c618a679a20ff6c29e2b3ef1d1f4ad66c5e161ae6ff847d102a9/zstandard-0.25.0-cp313-cp313-manylinux2014_s390x.manylinux_2_17_s390x.whl", hash = "sha256:fd7a5004eb1980d3cefe26b2685bcb0b17989901a70a1040d1ac86f1d898c551", size = 5451230, upload-time = "2025-09-14T22:17:34.41Z" },
    { url = "https://files.pythonhosted.org/packages/63/4b/e3678b4e776db00f9f7b2fe58e547e8928ef32727d7a1ff01dea010f3f13/zstandard-0.25.0-cp313-cp313-manylinux2014_x86_64.manylinux_2_17_x86_64.whl", hash = "sha256:8e735494da3db08694d26480f1493ad2cf86e99bdd53e8e9771b2752a5c0246a", size = 5547173, upload-time = "2025-09-14T22:17:36.084Z" },
    { url = "https://files.pythonhosted.org/packages/4e/d5/ba05ed95c6b8ec30bd468dfeab20589f2cf709b5c940483e31d991f2ca58/zstandard-0.25.0-cp313-cp313-musllinux_1_1_aarch64.whl", hash = "sha256:3a39c94ad7866160a4a46d772e43311a743c316942037671beb264e395bdd611", size = 5046736, upload-time = "2025-09-14T22:17:37.891Z" },
    { url = "https://files.pythonhosted.org/packages/50/d5/870aa06b3a76c73eced65c044b92286a3c4e00554005ff51962deef28e28/zstandard-0.25.0-cp313-cp313-musllinux_1_1_x86_64.whl", hash = "sha256:172de1f06947577d3a3005416977cce6168f2261284c02080e7ad0185faeced3", size = 5576368, upload-time = "2025-09-14T22:17:40.206Z" },
    { url = "https://files.pythonhosted.org/packages/5d/35/398dc2ffc89d304d59bc12f0fdd931b4ce455bddf7038a0a67733a25f550/zstandard-0.25.0-cp313-cp313-musllinux_1_2_aarch64.whl", hash = "sha256:3c83b0188c852a47cd13ef3bf9209fb0a77fa5374958b8c53aaa699398c6bd7b", size = 4954022, upload-time = "2025-09-14T22:17:41.879Z" },
    { url = "https://files.pythonhosted.org/packages/9a/5c/36ba1e5507d56d2213202ec2b05e8541734af5f2ce378c5d1ceaf4d88dc4/zstandard-0.25.0-cp313-cp313-musllinux_1_2_i686.whl", hash = "sha256:1673b7199bbe763365b81a4f3252b8e80f44c9e323fc42940dc8843bfeaf9851", size = 5267889, upload-time = "2025-09-14T22:17:43.577Z" },
    { url = "https://files.pythonhosted.org/packages/70/e8/2ec6b6fb7358b2ec0113ae202647ca7c0e9d15b61c005ae5225ad0995df5/zstandard-0.25.0-cp313-cp313-musllinux_1_2_ppc64le.whl", hash = "sha256:0be7622c37c183406f3dbf0cba104118eb16a4ea7359eeb5752f0794882fc250", size = 5433952, upload-time = "2025-09-14T22:17:45.271Z" },
    { url = "https://files.pythonhosted.org/packages/7b/01/b5f4d4dbc59ef193e870495c6f1275f5b2928e01ff5a81fecb22a06e22fb/zstandard-0.25.0-cp313-cp313-musllinux_1_2_s390x.whl", hash = "sha256:5f5e4c2a23ca271c218ac025bd7d635597048b366d6f31f420aaeb715239fc98", size = 5814054, upload-time = "2025-09-14T22:17:47.08Z" },
    { url = "https://files.pythonhosted.org/packages/b2/e5/fbd822d5c6f427cf158316d012c5a12f233473c2f9c5fe5ab1ae5d21f3d8/zstandard-0.25.0-cp313-cp313-musllinux_1_2_x86_64.whl", hash = "sha256:4f187a0bb61b35119d1926aee039524d1f93aaf38a9916b8c4b78ac8514a0aaf", size = 5360113, upload-time = "2025-09-14T22:17:48.893Z" },
    { url = "https://files.pythonhosted.org/packages/8e/e0/69a553d2047f9a2c7347caa225bb3a63b6d7704ad74610cb7823baa08ed7/zstandard-0.25.0-cp313-cp313-win32.whl", hash = "sha256:7030defa83eef3e51ff26f0b7bfb229f0204b66fe18e04359ce3474ac33cbc09", size = 436936, upload-time = "2025-09-14T22:17:52.658Z" },
    { url = "https://files.pythonhosted.org/packages/d9/82/b9c06c870f3bd8767c201f1edbdf9e8dc34be5b0fbc5682c4f80fe948475/zstandard-0.25.0-cp313-cp313-win_amd64.whl", hash = "sha256:1f830a0dac88719af0ae43b8b2d6aef487d437036468ef3c2ea59c51f9d55fd5", size = 506232, upload-time = "2025-09-14T22:17:50.402Z" },
    { url = "https://files.pythonhosted.org/packages/d4/57/60c3c01243bb81d381c9916e2a6d9e149ab8627c0c7d7abb2d73384b3c0c/zstandard-0.25.0-cp313-cp313-win_arm64.whl", hash = "sha256:85304a43f4d513f5464ceb938aa02c1e78c2943b29f44a750b48b25ac999a049", size = 462671, upload-time = "2025-09-14T22:17:51.533Z" },
    { url = "https://files.pythonhosted.org/packages/3d/5c/f8923b595b55fe49e30612987ad8bf053aef555c14f05bb659dd5dbe3e8a/zstandard-0.25.0-cp314-cp314-macosx_10_13_x86_64.whl", hash = "sha256:e29f0cf06974c899b2c188ef7f783607dbef36da4c242eb6c82dcd8b512855e3", size = 795887, upload-time = "2025-09-14T22:17:54.198Z" },
    { url = "https://files.pythonhosted.org/packages/8d/09/d0a2a14fc3439c5f874042dca72a79c70a532090b7ba0003be73fee37ae2/zstandard-0.25.0-cp314-cp314-macosx_11_0_arm64.whl", hash = "sha256:05df5136bc5a011f33cd25bc9f506e7426c0c9b3f9954f056831ce68f3b6689f", size = 640658, upload-time = "2025-09-14T22:17:55.423Z" },
    { url = "https://files.pythonhosted.org/packages/5d/7c/8b6b71b1ddd517f68ffb55e10834388d4f793c49c6b83effaaa05785b0b4/zstandard-0.25.0-cp314-cp314-manylinux2010_i686.manylinux_2_12_i686.manylinux_2_28_i686.whl", hash = "sha256:f604efd28f239cc21b3adb53eb061e2a205dc164be408e553b41ba2ffe0ca15c", size = 5379849, upload-time = "2025-09-14T22:17:57.372Z" },
    { url = "https://files.pythonhosted.org/packages/a4/86/a48e56320d0a17189ab7a42645387334fba2200e904ee47fc5a26c1fd8ca/zstandard-0.25.0-cp314-cp314-manylinux2014_aarch64.manylinux_2_17_aarch64.manylinux_2_28_aarch64.whl", hash = "sha256:223415140608d0f0da010499eaa8ccdb9af210a543fac54bce15babbcfc78439", size = 5058095, upload-time = "2025-09-14T22:17:59.498Z" },
    { url = "https://files.pythonhosted.org/packages/f8/ad/eb659984ee2c0a779f9d06dbfe45e2dc39d99ff40a319895df2d3d9a48e5/zstandard-0.25.0-cp314-cp314-manylinux2014_ppc64le.manylinux_2_17_ppc64le.manylinux_2_28_ppc64le.whl", hash = "sha256:2e54296a283f3ab5a26fc9b8b5d4978ea0532f37b231644f367aa588930aa043", size = 5551751, upload-time = "2025-09-14T22:18:01.618Z" },
    { url = "https://files.pythonhosted.org/packages/61/b3/b637faea43677eb7bd42ab204dfb7053bd5c4582bfe6b1baefa80ac0c47b/zstandard-0.25.0-cp314-cp314-manylinux2014_s390x.manylinux_2_17_s390x.manylinux_2_28_s390x.whl", hash = "sha256:ca54090275939dc8ec5dea2d2afb400e0f83444b2fc24e07df7fdef677110859", size = 6364818, upload-time = "2025-09-14T22:18:03.769Z" },
    { url = "https://files.pythonhosted.org/packages/31/dc/cc50210e11e465c975462439a492516a73300ab8caa8f5e0902544fd748b/zstandard-0.25.0-cp314-cp314-manylinux2014_x86_64.manylinux_2_17_x86_64.manylinux_2_28_x86_64.whl", hash = "sha256:e09bb6252b6476d8d56100e8147b803befa9a12cea144bbe629dd508800d1ad0", size = 5560402, upload-time = "2025-09-14T22:18:05.954Z" },
    { url = "https://files.pythonhosted.org/packages/c9/ae/56523ae9c142f0c08efd5e868a6da613ae76614eca1305259c3bf6a0ed43/zstandard-0.25.0-cp314-cp314-musllinux_1_2_aarch64.whl", hash = "sha256:a9ec8c642d1ec73287ae3e726792dd86c96f5681eb8df274a757bf62b750eae7", size = 4955108, upload-time = "2025-09-14T22:18:07.68Z" },
    { url = "https://files.pythonhosted.org/packages/98/cf/c899f2d6df0840d5e384cf4c4121458c72802e8bda19691f3b16619f51e9/zstandard-0.25.0-cp314-cp314-musllinux_1_2_i686.whl", hash = "sha256:a4089a10e598eae6393756b036e0f419e8c1d60f44a831520f9af41c14216cf2", size = 5269248, upload-time = "2025-09-14T22:18:09.753Z" },
    { url = "https://files.pythonhosted.org/packages/1b/c0/59e912a531d91e1c192d3085fc0f6fb2852753c301a812d856d857ea03c6/zstandard-0.25.0-cp314-cp314-musllinux_1_2_ppc64le.whl", hash = "sha256:f67e8f1a324a900e75b5e28ffb152bcac9fbed1cc7b43f99cd90f395c4375344", size = 5430330, upload-time = "2025-09-14T22:18:11.966Z" },
    { url = "https://files.pythonhosted.org/packages/a0/1d/7e31db1240de2df22a58e2ea9a93fc6e38cc29353e660c0272b6735d6669/zstandard-0.25.0-cp314-cp314-musllinux_1_2_s390x.whl", hash = "sha256:9654dbc012d8b06fc3d19cc825af3f7bf8ae242226df5f83936cb39f5fdc846c", size = 5811123, upload-time = "2025-09-14T22:18:13.907Z" },
    { url = "https://files.pythonhosted.org/packages/f6/49/fac46df5ad353d50535e118d6983069df68ca5908d4d65b8c466150a4ff1/zstandard-0.25.0-cp314-cp314-musllinux_1_2_x86_64.whl", hash = "sha256:4203ce3b31aec23012d3a4cf4a2ed64d12fea5269c49aed5e4c3611b938e4088", size = 5359591, upload-time = "2025-09-14T22:18:16.465Z" },
    { url = "https://files.pythonhosted.org/packages/c2/38/f249a2050ad1eea0bb364046153942e34abba95dd5520af199aed86fbb49/zstandard-0.25.0-cp314-cp314-win32.whl", hash = "sha256:da469dc041701583e34de852d8634703550348d5822e66a0c827d39b05365b12", size = 444513, upload-time = "2025-09-14T22:18:20.61Z" },
    { url = "https://files.pythonhosted.org/packages/3a/43/241f9615bcf8ba8903b3f0432da069e857fc4fd1783bd26183db53c4804b/zstandard-0.25.0-cp314-cp314-win_amd64.whl", hash = "sha256:c19bcdd826e95671065f8692b5a4aa95c52dc7a02a4c5a0cac46deb879a017a2", size = 516118, upload-time = "2025-09-14T22:18:17.849Z" },
    { url = "https://files.pythonhosted.org/packages/f0/ef/da163ce2450ed4febf6467d77ccb4cd52c4c30ab45624bad26ca0a27260c/zstandard-0.25.0-cp314-cp314-win_arm64.whl", hash = "sha256:d7541afd73985c630bafcd6338d2518ae96060075f9463d7dc14cfb33514383d", size = 476940, upload-time = "2025-09-14T22:18:19.088Z" },
]
